
Microsoft Visual Studio Solution File, Format Version 12.00
# Visual Studio 15
VisualStudioVersion = 15.0.28010.2016
MinimumVisualStudioVersion = 10.0.40219.1
Project("{FAE04EC0-301F-11D3-BF4B-00C04F79EFBC}") = "NHUB", "NHUB\NHUB.csproj", "{6DF71157-2640-4220-8C90-328898FD1E22}"
EndProject
Project("{FAE04EC0-301F-11D3-BF4B-00C04F79EFBC}") = "DAL", "DAL\DAL.csproj", "{9E33D34C-FCA0-4D7C-AD90-4613A02B25FD}"
EndProject
Global
	GlobalSection(SolutionConfigurationPlatforms) = preSolution
		Debug|Any CPU = Debug|Any CPU
		Release|Any CPU = Release|Any CPU
	EndGlobalSection
	GlobalSection(ProjectConfigurationPlatforms) = postSolution
		{6DF71157-2640-4220-8C90-328898FD1E22}.Debug|Any CPU.ActiveCfg = Debug|Any CPU
		{6DF71157-2640-4220-8C90-328898FD1E22}.Debug|Any CPU.Build.0 = Debug|Any CPU
		{6DF71157-2640-4220-8C90-328898FD1E22}.Release|Any CPU.ActiveCfg = Release|Any CPU
		{6DF71157-2640-4220-8C90-328898FD1E22}.Release|Any CPU.Build.0 = Release|Any CPU
		{9E33D34C-FCA0-4D7C-AD90-4613A02B25FD}.Debug|Any CPU.ActiveCfg = Debug|Any CPU
		{9E33D34C-FCA0-4D7C-AD90-4613A02B25FD}.Debug|Any CPU.Build.0 = Debug|Any CPU
		{9E33D34C-FCA0-4D7C-AD90-4613A02B25FD}.Release|Any CPU.ActiveCfg = Release|Any CPU
		{9E33D34C-FCA0-4D7C-AD90-4613A02B25FD}.Release|Any CPU.Build.0 = Release|Any CPU
	EndGlobalSection
	GlobalSection(SolutionProperties) = preSolution
		HideSolutionNode = FALSE
	EndGlobalSection
	GlobalSection(ExtensibilityGlobals) = postSolution
		SolutionGuid = {AEC8065F-4FD0-4BF9-A038-6EBFB846874A}
	EndGlobalSection
EndGlobal
